
Microsoft Visual Studio Solution File, Format Version 12.00
# Visual Studio Version 16
VisualStudioVersion = 16.0.30413.136
MinimumVisualStudioVersion = 10.0.40219.1
Project("{FAE04EC0-301F-11D3-BF4B-00C04F79EFBC}") = "MasterPageDovzenok.Android", "MasterPageDovzenok\MasterPageDovzenok.Android\MasterPageDovzenok.Android.csproj", "{7231B556-D28D-48A3-B9F3-9DE564F37E3E}"
EndProject
Project("{FAE04EC0-301F-11D3-BF4B-00C04F79EFBC}") = "MasterPageDovzenok", "MasterPageDovzenok\MasterPageDovzenok\MasterPageDovzenok.csproj", "{C5C4A5CD-7635-4D1A-9B1F-DC4325B1F5FD}"
EndProject
Global
	GlobalSection(SolutionConfigurationPlatforms) = preSolution
		Debug|Any CPU = Debug|Any CPU
		Release|Any CPU = Release|Any CPU
	EndGlobalSection
	GlobalSection(ProjectConfigurationPlatforms) = postSolution
		{7231B556-D28D-48A3-B9F3-9DE564F37E3E}.Debug|Any CPU.ActiveCfg = Debug|Any CPU
		{7231B556-D28D-48A3-B9F3-9DE564F37E3E}.Debug|Any CPU.Build.0 = Debug|Any CPU
		{7231B556-D28D-48A3-B9F3-9DE564F37E3E}.Debug|Any CPU.Deploy.0 = Debug|Any CPU
		{7231B556-D28D-48A3-B9F3-9DE564F37E3E}.Release|Any CPU.ActiveCfg = Release|Any CPU
		{7231B556-D28D-48A3-B9F3-9DE564F37E3E}.Release|Any CPU.Build.0 = Release|Any CPU
		{7231B556-D28D-48A3-B9F3-9DE564F37E3E}.Release|Any CPU.Deploy.0 = Release|Any CPU
		{C5C4A5CD-7635-4D1A-9B1F-DC4325B1F5FD}.Debug|Any CPU.ActiveCfg = Debug|Any CPU
		{C5C4A5CD-7635-4D1A-9B1F-DC4325B1F5FD}.Debug|Any CPU.Build.0 = Debug|Any CPU
		{C5C4A5CD-7635-4D1A-9B1F-DC4325B1F5FD}.Debug|Any CPU.Deploy.0 = Debug|Any CPU
		{C5C4A5CD-7635-4D1A-9B1F-DC4325B1F5FD}.Release|Any CPU.ActiveCfg = Release|Any CPU
		{C5C4A5CD-7635-4D1A-9B1F-DC4325B1F5FD}.Release|Any CPU.Build.0 = Release|Any CPU
		{C5C4A5CD-7635-4D1A-9B1F-DC4325B1F5FD}.Release|Any CPU.Deploy.0 = Release|Any CPU
	EndGlobalSection
	GlobalSection(SolutionProperties) = preSolution
		HideSolutionNode = FALSE
	EndGlobalSection
	GlobalSection(ExtensibilityGlobals) = postSolution
		SolutionGuid = {8EB17EA2-5B93-473A-8748-EAFE179DBEA9}
	EndGlobalSection
EndGlobal
